
Microsoft Visual Studio Solution File, Format Version 11.00
# Visual Studio 2010
Project("{FAE04EC0-301F-11D3-BF4B-00C04F79EFBC}") = "Assembly-CSharp", "Assembly-CSharp.csproj", "{f889b12f-d91f-2968-58d6-e6a4bc5267c4}"
EndProject
Project("{FAE04EC0-301F-11D3-BF4B-00C04F79EFBC}") = "Assembly-CSharp-Editor", "Assembly-CSharp-Editor.csproj", "{cf58ffd9-b323-f1ae-9a34-92926d13994c}"
EndProject
Global
	GlobalSection(SolutionConfigurationPlatforms) = preSolution
		Debug|Any CPU = Debug|Any CPU
	EndGlobalSection
	GlobalSection(ProjectConfigurationPlatforms) = postSolution
		{f889b12f-d91f-2968-58d6-e6a4bc5267c4}.Debug|Any CPU.ActiveCfg = Debug|Any CPU
		{f889b12f-d91f-2968-58d6-e6a4bc5267c4}.Debug|Any CPU.Build.0 = Debug|Any CPU
		{cf58ffd9-b323-f1ae-9a34-92926d13994c}.Debug|Any CPU.ActiveCfg = Debug|Any CPU
		{cf58ffd9-b323-f1ae-9a34-92926d13994c}.Debug|Any CPU.Build.0 = Debug|Any CPU
	EndGlobalSection
	GlobalSection(SolutionProperties) = preSolution
		HideSolutionNode = FALSE
	EndGlobalSection
EndGlobal
